
Microsoft Visual Studio Solution File, Format Version 11.00
# Visual Studio 2010
Project("{FAE04EC0-301F-11D3-BF4B-00C04F79EFBC}") = "Assembly-CSharp", "Assembly-CSharp.csproj", "{f679b957-2cdd-4dcf-2eb0-7b94d21b398b}"
EndProject
Project("{FAE04EC0-301F-11D3-BF4B-00C04F79EFBC}") = "Assembly-CSharp-Editor", "Assembly-CSharp-Editor.csproj", "{5cdee7fc-5dfe-75f8-48db-b90c466ec221}"
EndProject
Global
	GlobalSection(SolutionConfigurationPlatforms) = preSolution
		Debug|Any CPU = Debug|Any CPU
	EndGlobalSection
	GlobalSection(ProjectConfigurationPlatforms) = postSolution
		{f679b957-2cdd-4dcf-2eb0-7b94d21b398b}.Debug|Any CPU.ActiveCfg = Debug|Any CPU
		{f679b957-2cdd-4dcf-2eb0-7b94d21b398b}.Debug|Any CPU.Build.0 = Debug|Any CPU
		{5cdee7fc-5dfe-75f8-48db-b90c466ec221}.Debug|Any CPU.ActiveCfg = Debug|Any CPU
		{5cdee7fc-5dfe-75f8-48db-b90c466ec221}.Debug|Any CPU.Build.0 = Debug|Any CPU
	EndGlobalSection
	GlobalSection(SolutionProperties) = preSolution
		HideSolutionNode = FALSE
	EndGlobalSection
EndGlobal
