
Microsoft Visual Studio Solution File, Format Version 11.00
# Visual Studio 2010
Project("{FAE04EC0-301F-11D3-BF4B-00C04F79EFBC}") = "Assembly-CSharp", "Assembly-CSharp.csproj", "{22029ddc-1fbc-949e-9611-2f66968d151d}"
EndProject
Project("{FAE04EC0-301F-11D3-BF4B-00C04F79EFBC}") = "Assembly-CSharp-Editor", "Assembly-CSharp-Editor.csproj", "{a487996f-6d77-e4dd-c49f-8782de53aa6d}"
EndProject
Global
	GlobalSection(SolutionConfigurationPlatforms) = preSolution
		Debug|Any CPU = Debug|Any CPU
	EndGlobalSection
	GlobalSection(ProjectConfigurationPlatforms) = postSolution
		{22029ddc-1fbc-949e-9611-2f66968d151d}.Debug|Any CPU.ActiveCfg = Debug|Any CPU
		{22029ddc-1fbc-949e-9611-2f66968d151d}.Debug|Any CPU.Build.0 = Debug|Any CPU
		{a487996f-6d77-e4dd-c49f-8782de53aa6d}.Debug|Any CPU.ActiveCfg = Debug|Any CPU
		{a487996f-6d77-e4dd-c49f-8782de53aa6d}.Debug|Any CPU.Build.0 = Debug|Any CPU
	EndGlobalSection
	GlobalSection(SolutionProperties) = preSolution
		HideSolutionNode = FALSE
	EndGlobalSection
EndGlobal
