
Microsoft Visual Studio Solution File, Format Version 12.00
# Visual Studio 15
Project("{FAE04EC0-301F-11D3-BF4B-00C04F79EFBC}") = "Assembly-CSharp", "Assembly-CSharp.csproj", "{DC9D0222-BC1F-9E94-9611-2F66968D151D}"
EndProject
Project("{FAE04EC0-301F-11D3-BF4B-00C04F79EFBC}") = "Unity.AssetBundleBrowser.Editor", "Unity.AssetBundleBrowser.Editor.csproj", "{13D576CB-0274-1BED-4A78-FE4BF74A4865}"
EndProject
Project("{FAE04EC0-301F-11D3-BF4B-00C04F79EFBC}") = "Assembly-CSharp-Editor", "Assembly-CSharp-Editor.csproj", "{6F9987A4-776D-DDE4-C49F-8782DE53AA6D}"
EndProject
Global
	GlobalSection(SolutionConfigurationPlatforms) = preSolution
		Debug|Any CPU = Debug|Any CPU
		Release|Any CPU = Release|Any CPU
	EndGlobalSection
	GlobalSection(ProjectConfigurationPlatforms) = postSolution
		{DC9D0222-BC1F-9E94-9611-2F66968D151D}.Debug|Any CPU.ActiveCfg = Debug|Any CPU
		{DC9D0222-BC1F-9E94-9611-2F66968D151D}.Debug|Any CPU.Build.0 = Debug|Any CPU
		{DC9D0222-BC1F-9E94-9611-2F66968D151D}.Release|Any CPU.ActiveCfg = Release|Any CPU
		{DC9D0222-BC1F-9E94-9611-2F66968D151D}.Release|Any CPU.Build.0 = Release|Any CPU
		{13D576CB-0274-1BED-4A78-FE4BF74A4865}.Debug|Any CPU.ActiveCfg = Debug|Any CPU
		{13D576CB-0274-1BED-4A78-FE4BF74A4865}.Debug|Any CPU.Build.0 = Debug|Any CPU
		{13D576CB-0274-1BED-4A78-FE4BF74A4865}.Release|Any CPU.ActiveCfg = Release|Any CPU
		{13D576CB-0274-1BED-4A78-FE4BF74A4865}.Release|Any CPU.Build.0 = Release|Any CPU
		{6F9987A4-776D-DDE4-C49F-8782DE53AA6D}.Debug|Any CPU.ActiveCfg = Debug|Any CPU
		{6F9987A4-776D-DDE4-C49F-8782DE53AA6D}.Debug|Any CPU.Build.0 = Debug|Any CPU
		{6F9987A4-776D-DDE4-C49F-8782DE53AA6D}.Release|Any CPU.ActiveCfg = Release|Any CPU
		{6F9987A4-776D-DDE4-C49F-8782DE53AA6D}.Release|Any CPU.Build.0 = Release|Any CPU
	EndGlobalSection
	GlobalSection(SolutionProperties) = preSolution
		HideSolutionNode = FALSE
	EndGlobalSection
EndGlobal
