
Microsoft Visual Studio Solution File, Format Version 11.00
# Visual Studio 2010
Project("{FAE04EC0-301F-11D3-BF4B-00C04F79EFBC}") = "Assembly-CSharp", "Assembly-CSharp.csproj", "{2630d467-992d-de22-131a-5fc29c96ee5a}"
EndProject
Project("{FAE04EC0-301F-11D3-BF4B-00C04F79EFBC}") = "Assembly-CSharp-Editor", "Assembly-CSharp-Editor.csproj", "{3489965c-95b7-14ab-1138-ea3d7fdb0d79}"
EndProject
Global
	GlobalSection(SolutionConfigurationPlatforms) = preSolution
		Debug|Any CPU = Debug|Any CPU
	EndGlobalSection
	GlobalSection(ProjectConfigurationPlatforms) = postSolution
		{2630d467-992d-de22-131a-5fc29c96ee5a}.Debug|Any CPU.ActiveCfg = Debug|Any CPU
		{2630d467-992d-de22-131a-5fc29c96ee5a}.Debug|Any CPU.Build.0 = Debug|Any CPU
		{3489965c-95b7-14ab-1138-ea3d7fdb0d79}.Debug|Any CPU.ActiveCfg = Debug|Any CPU
		{3489965c-95b7-14ab-1138-ea3d7fdb0d79}.Debug|Any CPU.Build.0 = Debug|Any CPU
	EndGlobalSection
	GlobalSection(SolutionProperties) = preSolution
		HideSolutionNode = FALSE
	EndGlobalSection
EndGlobal
